
Microsoft Visual Studio Solution File, Format Version 12.00
# Visual Studio Version 16
VisualStudioVersion = 16.0.30413.136
MinimumVisualStudioVersion = 10.0.40219.1
Project("{FAE04EC0-301F-11D3-BF4B-00C04F79EFBC}") = "ConsoleApp1_pdf", "ConsoleApp1_pdf\ConsoleApp1_pdf.csproj", "{EDD86117-01D0-482B-BF70-DEBD57B591FB}"
EndProject
Global
	GlobalSection(SolutionConfigurationPlatforms) = preSolution
		Debug|Any CPU = Debug|Any CPU
		Release|Any CPU = Release|Any CPU
	EndGlobalSection
	GlobalSection(ProjectConfigurationPlatforms) = postSolution
		{EDD86117-01D0-482B-BF70-DEBD57B591FB}.Debug|Any CPU.ActiveCfg = Debug|Any CPU
		{EDD86117-01D0-482B-BF70-DEBD57B591FB}.Debug|Any CPU.Build.0 = Debug|Any CPU
		{EDD86117-01D0-482B-BF70-DEBD57B591FB}.Release|Any CPU.ActiveCfg = Release|Any CPU
		{EDD86117-01D0-482B-BF70-DEBD57B591FB}.Release|Any CPU.Build.0 = Release|Any CPU
	EndGlobalSection
	GlobalSection(SolutionProperties) = preSolution
		HideSolutionNode = FALSE
	EndGlobalSection
	GlobalSection(ExtensibilityGlobals) = postSolution
		SolutionGuid = {2C9CBB4E-94A8-49B7-B524-B3DEC7A1BCC0}
	EndGlobalSection
EndGlobal
